
Microsoft Visual Studio Solution File, Format Version 12.00
# Visual Studio Version 17
VisualStudioVersion = 17.11.35327.3
MinimumVisualStudioVersion = 10.0.40219.1
Project("{8BC9CEB8-8B4A-11D0-8D11-00A0C91BC942}") = "CryptoAPI_CPP", "CryptoAPI_CPP\CryptoAPI_CPP.vcxproj", "{C6BFD874-17D9-4AD4-A1FC-4D7AF3F1195F}"
EndProject
Global
	GlobalSection(SolutionConfigurationPlatforms) = preSolution
		Debug|x64 = Debug|x64
		Debug|x86 = Debug|x86
		Release|x64 = Release|x64
		Release|x86 = Release|x86
	EndGlobalSection
	GlobalSection(ProjectConfigurationPlatforms) = postSolution
		{C6BFD874-17D9-4AD4-A1FC-4D7AF3F1195F}.Debug|x64.ActiveCfg = Debug|x64
		{C6BFD874-17D9-4AD4-A1FC-4D7AF3F1195F}.Debug|x64.Build.0 = Debug|x64
		{C6BFD874-17D9-4AD4-A1FC-4D7AF3F1195F}.Debug|x86.ActiveCfg = Debug|Win32
		{C6BFD874-17D9-4AD4-A1FC-4D7AF3F1195F}.Debug|x86.Build.0 = Debug|Win32
		{C6BFD874-17D9-4AD4-A1FC-4D7AF3F1195F}.Release|x64.ActiveCfg = Release|x64
		{C6BFD874-17D9-4AD4-A1FC-4D7AF3F1195F}.Release|x64.Build.0 = Release|x64
		{C6BFD874-17D9-4AD4-A1FC-4D7AF3F1195F}.Release|x86.ActiveCfg = Release|Win32
		{C6BFD874-17D9-4AD4-A1FC-4D7AF3F1195F}.Release|x86.Build.0 = Release|Win32
	EndGlobalSection
	GlobalSection(SolutionProperties) = preSolution
		HideSolutionNode = FALSE
	EndGlobalSection
	GlobalSection(ExtensibilityGlobals) = postSolution
		SolutionGuid = {61011D78-FDEC-460F-8E0C-515690D0F7FF}
	EndGlobalSection
EndGlobal
